
Microsoft Visual Studio Solution File, Format Version 12.00
# Visual Studio Version 16
VisualStudioVersion = 16.0.31410.357
MinimumVisualStudioVersion = 10.0.40219.1
Project("{FAE04EC0-301F-11D3-BF4B-00C04F79EFBC}") = "WireAppBattleShipGameWPF", "WireAppBattleShipGameWPF\WireAppBattleShipGameWPF.csproj", "{AB4779C8-B95D-4091-8D43-68DF439273AE}"
EndProject
Global
	GlobalSection(SolutionConfigurationPlatforms) = preSolution
		Debug|Any CPU = Debug|Any CPU
		Release|Any CPU = Release|Any CPU
	EndGlobalSection
	GlobalSection(ProjectConfigurationPlatforms) = postSolution
		{AB4779C8-B95D-4091-8D43-68DF439273AE}.Debug|Any CPU.ActiveCfg = Debug|Any CPU
		{AB4779C8-B95D-4091-8D43-68DF439273AE}.Debug|Any CPU.Build.0 = Debug|Any CPU
		{AB4779C8-B95D-4091-8D43-68DF439273AE}.Release|Any CPU.ActiveCfg = Release|Any CPU
		{AB4779C8-B95D-4091-8D43-68DF439273AE}.Release|Any CPU.Build.0 = Release|Any CPU
	EndGlobalSection
	GlobalSection(SolutionProperties) = preSolution
		HideSolutionNode = FALSE
	EndGlobalSection
	GlobalSection(ExtensibilityGlobals) = postSolution
		SolutionGuid = {BE918808-69CA-4C53-99CC-192414BFCCC2}
	EndGlobalSection
EndGlobal
